
Microsoft Visual Studio Solution File, Format Version 12.00
# Visual Studio Version 16
VisualStudioVersion = 16.0.32228.547
MinimumVisualStudioVersion = 10.0.40219.1
Project("{FAE04EC0-301F-11D3-BF4B-00C04F79EFBC}") = "WebJob1", "WebJob1\WebJob1.csproj", "{F72FFC06-1F31-42E3-9E84-C140D357F4EC}"
EndProject
Global
	GlobalSection(SolutionConfigurationPlatforms) = preSolution
		Debug|Any CPU = Debug|Any CPU
		Release|Any CPU = Release|Any CPU
	EndGlobalSection
	GlobalSection(ProjectConfigurationPlatforms) = postSolution
		{F72FFC06-1F31-42E3-9E84-C140D357F4EC}.Debug|Any CPU.ActiveCfg = Debug|Any CPU
		{F72FFC06-1F31-42E3-9E84-C140D357F4EC}.Debug|Any CPU.Build.0 = Debug|Any CPU
		{F72FFC06-1F31-42E3-9E84-C140D357F4EC}.Release|Any CPU.ActiveCfg = Release|Any CPU
		{F72FFC06-1F31-42E3-9E84-C140D357F4EC}.Release|Any CPU.Build.0 = Release|Any CPU
	EndGlobalSection
	GlobalSection(SolutionProperties) = preSolution
		HideSolutionNode = FALSE
	EndGlobalSection
	GlobalSection(ExtensibilityGlobals) = postSolution
		SolutionGuid = {4CA66EF9-00FA-4C90-87D0-B56712A2A2BF}
	EndGlobalSection
EndGlobal
